PODS:
  - LSRRouterKit (1.4)
  - Masonry (1.1.0)

DEPENDENCIES:
  - LSRRouterKit (from `../`)
  - Masonry

SPEC REPOS:
  https://github.com/CocoaPods/Specs.git:
    - Masonry

EXTERNAL SOURCES:
  LSRRouterKit:
    :path: "../"

SPEC CHECKSUMS:
  LSRRouterKit: 9d0761bc00aeddbde82ca913ceeb07c29f8613e2
  Masonry: 678fab65091a9290e40e2832a55e7ab731aad201

PODFILE CHECKSUM: 1937bb3b8022bbc64f9eff6a2c4dbf40d24bc33f

COCOAPODS: 1.11.3
